
Microsoft Visual Studio Solution File, Format Version 12.00
# Visual Studio Version 17
VisualStudioVersion = 17.2.32602.215
MinimumVisualStudioVersion = 10.0.40219.1
Project("{FAE04EC0-301F-11D3-BF4B-00C04F79EFBC}") = "Farmingway", "Farmingway\Farmingway.csproj", "{FCF155B8-E1BD-44D4-A84C-A04354D4DF10}"
EndProject
Global
	GlobalSection(SolutionConfigurationPlatforms) = preSolution
		Debug|Any CPU = Debug|Any CPU
		Release|Any CPU = Release|Any CPU
	EndGlobalSection
	GlobalSection(ProjectConfigurationPlatforms) = postSolution
		{FCF155B8-E1BD-44D4-A84C-A04354D4DF10}.Debug|Any CPU.ActiveCfg = Debug|Any CPU
		{FCF155B8-E1BD-44D4-A84C-A04354D4DF10}.Debug|Any CPU.Build.0 = Debug|Any CPU
		{FCF155B8-E1BD-44D4-A84C-A04354D4DF10}.Release|Any CPU.ActiveCfg = Release|Any CPU
		{FCF155B8-E1BD-44D4-A84C-A04354D4DF10}.Release|Any CPU.Build.0 = Release|Any CPU
	EndGlobalSection
	GlobalSection(SolutionProperties) = preSolution
		HideSolutionNode = FALSE
	EndGlobalSection
	GlobalSection(ExtensibilityGlobals) = postSolution
		SolutionGuid = {B84DBEC4-B5EE-4FC4-9644-860C275A689E}
	EndGlobalSection
EndGlobal
